
Microsoft Visual Studio Solution File, Format Version 12.00
# Visual Studio 2012
Project("{FAE04EC0-301F-11D3-BF4B-00C04F79EFBC}") = "WhiteBoard.App", "WhiteBoard.App\WhiteBoard.App.csproj", "{516A857E-FF3F-4725-A047-18D0D72C1594}"
EndProject
Project("{FAE04EC0-301F-11D3-BF4B-00C04F79EFBC}") = "WhiteBoard.App.iOS", "iOS\WhiteBoard.App.iOS.csproj", "{F080511D-32C7-4258-BF4C-0E4E4261E7AC}"
EndProject
Project("{FAE04EC0-301F-11D3-BF4B-00C04F79EFBC}") = "WhiteBoard.App.Droid", "Droid\WhiteBoard.App.Droid.csproj", "{F567E3AE-072D-44E0-9943-BA16814ED9A1}"
EndProject
Project("{FAE04EC0-301F-11D3-BF4B-00C04F79EFBC}") = "WhiteBoard.App.UITests", "UITests\WhiteBoard.App.UITests.csproj", "{F2229D60-539D-499A-B856-4ACED869F578}"
EndProject
Global
	GlobalSection(SolutionConfigurationPlatforms) = preSolution
		Debug|Any CPU = Debug|Any CPU
		Release|Any CPU = Release|Any CPU
		Debug|iPhoneSimulator = Debug|iPhoneSimulator
		Release|iPhone = Release|iPhone
		Release|iPhoneSimulator = Release|iPhoneSimulator
		Debug|iPhone = Debug|iPhone
	EndGlobalSection
	GlobalSection(ProjectConfigurationPlatforms) = postSolution
		{516A857E-FF3F-4725-A047-18D0D72C1594}.Debug|Any CPU.ActiveCfg = Debug|Any CPU
		{516A857E-FF3F-4725-A047-18D0D72C1594}.Debug|Any CPU.Build.0 = Debug|Any CPU
		{516A857E-FF3F-4725-A047-18D0D72C1594}.Debug|iPhone.ActiveCfg = Debug|Any CPU
		{516A857E-FF3F-4725-A047-18D0D72C1594}.Debug|iPhone.Build.0 = Debug|Any CPU
		{516A857E-FF3F-4725-A047-18D0D72C1594}.Debug|iPhoneSimulator.ActiveCfg = Debug|Any CPU
		{516A857E-FF3F-4725-A047-18D0D72C1594}.Debug|iPhoneSimulator.Build.0 = Debug|Any CPU
		{516A857E-FF3F-4725-A047-18D0D72C1594}.Release|Any CPU.ActiveCfg = Release|Any CPU
		{516A857E-FF3F-4725-A047-18D0D72C1594}.Release|Any CPU.Build.0 = Release|Any CPU
		{516A857E-FF3F-4725-A047-18D0D72C1594}.Release|iPhone.ActiveCfg = Release|Any CPU
		{516A857E-FF3F-4725-A047-18D0D72C1594}.Release|iPhone.Build.0 = Release|Any CPU
		{516A857E-FF3F-4725-A047-18D0D72C1594}.Release|iPhoneSimulator.ActiveCfg = Release|Any CPU
		{516A857E-FF3F-4725-A047-18D0D72C1594}.Release|iPhoneSimulator.Build.0 = Release|Any CPU
		{F080511D-32C7-4258-BF4C-0E4E4261E7AC}.Debug|Any CPU.ActiveCfg = Debug|iPhoneSimulator
		{F080511D-32C7-4258-BF4C-0E4E4261E7AC}.Debug|Any CPU.Build.0 = Debug|iPhoneSimulator
		{F080511D-32C7-4258-BF4C-0E4E4261E7AC}.Debug|iPhone.ActiveCfg = Debug|iPhone
		{F080511D-32C7-4258-BF4C-0E4E4261E7AC}.Debug|iPhone.Build.0 = Debug|iPhone
		{F080511D-32C7-4258-BF4C-0E4E4261E7AC}.Debug|iPhoneSimulator.ActiveCfg = Debug|iPhoneSimulator
		{F080511D-32C7-4258-BF4C-0E4E4261E7AC}.Debug|iPhoneSimulator.Build.0 = Debug|iPhoneSimulator
		{F080511D-32C7-4258-BF4C-0E4E4261E7AC}.Release|Any CPU.ActiveCfg = Release|iPhone
		{F080511D-32C7-4258-BF4C-0E4E4261E7AC}.Release|Any CPU.Build.0 = Release|iPhone
		{F080511D-32C7-4258-BF4C-0E4E4261E7AC}.Release|iPhone.ActiveCfg = Release|iPhone
		{F080511D-32C7-4258-BF4C-0E4E4261E7AC}.Release|iPhone.Build.0 = Release|iPhone
		{F080511D-32C7-4258-BF4C-0E4E4261E7AC}.Release|iPhoneSimulator.ActiveCfg = Release|iPhoneSimulator
		{F080511D-32C7-4258-BF4C-0E4E4261E7AC}.Release|iPhoneSimulator.Build.0 = Release|iPhoneSimulator
		{F2229D60-539D-499A-B856-4ACED869F578}.Debug|Any CPU.ActiveCfg = Debug|Any CPU
		{F2229D60-539D-499A-B856-4ACED869F578}.Debug|Any CPU.Build.0 = Debug|Any CPU
		{F2229D60-539D-499A-B856-4ACED869F578}.Debug|iPhone.ActiveCfg = Debug|Any CPU
		{F2229D60-539D-499A-B856-4ACED869F578}.Debug|iPhone.Build.0 = Debug|Any CPU
		{F2229D60-539D-499A-B856-4ACED869F578}.Debug|iPhoneSimulator.ActiveCfg = Debug|Any CPU
		{F2229D60-539D-499A-B856-4ACED869F578}.Debug|iPhoneSimulator.Build.0 = Debug|Any CPU
		{F2229D60-539D-499A-B856-4ACED869F578}.Release|Any CPU.ActiveCfg = Release|Any CPU
		{F2229D60-539D-499A-B856-4ACED869F578}.Release|Any CPU.Build.0 = Release|Any CPU
		{F2229D60-539D-499A-B856-4ACED869F578}.Release|iPhone.ActiveCfg = Release|Any CPU
		{F2229D60-539D-499A-B856-4ACED869F578}.Release|iPhone.Build.0 = Release|Any CPU
		{F2229D60-539D-499A-B856-4ACED869F578}.Release|iPhoneSimulator.ActiveCfg = Release|Any CPU
		{F2229D60-539D-499A-B856-4ACED869F578}.Release|iPhoneSimulator.Build.0 = Release|Any CPU
		{F567E3AE-072D-44E0-9943-BA16814ED9A1}.Debug|Any CPU.ActiveCfg = Debug|Any CPU
		{F567E3AE-072D-44E0-9943-BA16814ED9A1}.Debug|Any CPU.Build.0 = Debug|Any CPU
		{F567E3AE-072D-44E0-9943-BA16814ED9A1}.Debug|iPhone.ActiveCfg = Debug|Any CPU
		{F567E3AE-072D-44E0-9943-BA16814ED9A1}.Debug|iPhone.Build.0 = Debug|Any CPU
		{F567E3AE-072D-44E0-9943-BA16814ED9A1}.Debug|iPhoneSimulator.ActiveCfg = Debug|Any CPU
		{F567E3AE-072D-44E0-9943-BA16814ED9A1}.Debug|iPhoneSimulator.Build.0 = Debug|Any CPU
		{F567E3AE-072D-44E0-9943-BA16814ED9A1}.Release|Any CPU.ActiveCfg = Release|Any CPU
		{F567E3AE-072D-44E0-9943-BA16814ED9A1}.Release|Any CPU.Build.0 = Release|Any CPU
		{F567E3AE-072D-44E0-9943-BA16814ED9A1}.Release|iPhone.ActiveCfg = Release|Any CPU
		{F567E3AE-072D-44E0-9943-BA16814ED9A1}.Release|iPhone.Build.0 = Release|Any CPU
		{F567E3AE-072D-44E0-9943-BA16814ED9A1}.Release|iPhoneSimulator.ActiveCfg = Release|Any CPU
		{F567E3AE-072D-44E0-9943-BA16814ED9A1}.Release|iPhoneSimulator.Build.0 = Release|Any CPU
	EndGlobalSection
EndGlobal
