
Microsoft Visual Studio Solution File, Format Version 12.00
# Visual Studio 14
VisualStudioVersion = 14.0.23107.0
MinimumVisualStudioVersion = 10.0.40219.1
Project("{F088123C-0E9E-452A-89E6-6BA2F21D5CAC}") = "Common.Modeling", "Common.Modeling\Common.Modeling.modelproj", "{D50D070C-37C8-4A71-9DFE-1B3EE3B6E62D}"
EndProject
Project("{FAE04EC0-301F-11D3-BF4B-00C04F79EFBC}") = "BlackhoefStudios.Common", "BlackhoefStudios.Common\BlackhoefStudios.Common.csproj", "{EF3E3C80-1922-44F3-AECB-ED00B0C4866D}"
EndProject
Global
	GlobalSection(SolutionConfigurationPlatforms) = preSolution
		Debug|Any CPU = Debug|Any CPU
		Release|Any CPU = Release|Any CPU
	EndGlobalSection
	GlobalSection(ProjectConfigurationPlatforms) = postSolution
		{D50D070C-37C8-4A71-9DFE-1B3EE3B6E62D}.Debug|Any CPU.ActiveCfg = Debug|Any CPU
		{D50D070C-37C8-4A71-9DFE-1B3EE3B6E62D}.Debug|Any CPU.Build.0 = Debug|Any CPU
		{D50D070C-37C8-4A71-9DFE-1B3EE3B6E62D}.Release|Any CPU.ActiveCfg = Release|Any CPU
		{D50D070C-37C8-4A71-9DFE-1B3EE3B6E62D}.Release|Any CPU.Build.0 = Release|Any CPU
		{EF3E3C80-1922-44F3-AECB-ED00B0C4866D}.Debug|Any CPU.ActiveCfg = Debug|Any CPU
		{EF3E3C80-1922-44F3-AECB-ED00B0C4866D}.Debug|Any CPU.Build.0 = Debug|Any CPU
		{EF3E3C80-1922-44F3-AECB-ED00B0C4866D}.Release|Any CPU.ActiveCfg = Release|Any CPU
		{EF3E3C80-1922-44F3-AECB-ED00B0C4866D}.Release|Any CPU.Build.0 = Release|Any CPU
	EndGlobalSection
	GlobalSection(SolutionProperties) = preSolution
		HideSolutionNode = FALSE
	EndGlobalSection
EndGlobal
